// !$*UTF8*$!
{
	archiveVersion = 1;
	classes = {
	};
	objectVersion = 50;
	objects = {

/* Begin PBXBuildFile section */
		88E660B2260E48D30018DD17 /* AfricaApp.swift in Sources */ = {isa = PBXBuildFile; fileRef = 88E660B1260E48D30018DD17 /* AfricaApp.swift */; };
		88E660B4260E48D30018DD17 /* ContentView.swift in Sources */ = {isa = PBXBuildFile; fileRef = 88E660B3260E48D30018DD17 /* ContentView.swift */; };
		88E660B6260E48D50018DD17 /* Assets.xcassets in Resources */ = {isa = PBXBuildFile; fileRef = 88E660B5260E48D50018DD17 /* Assets.xcassets */; };
		88E660B9260E48D50018DD17 /* Preview Assets.xcassets in Resources */ = {isa = PBXBuildFile; fileRef = 88E660B8260E48D50018DD17 /* Preview Assets.xcassets */; };
		88E660CC260E4C380018DD17 /* cheetah.mp4 in Resources */ = {isa = PBXBuildFile; fileRef = 88E660C2260E4C340018DD17 /* cheetah.mp4 */; };
		88E660CD260E4C380018DD17 /* gorilla.mp4 in Resources */ = {isa = PBXBuildFile; fileRef = 88E660C3260E4C340018DD17 /* gorilla.mp4 */; };
		88E660CE260E4C380018DD17 /* hippo.mp4 in Resources */ = {isa = PBXBuildFile; fileRef = 88E660C4260E4C350018DD17 /* hippo.mp4 */; };
		88E660CF260E4C380018DD17 /* elephant.mp4 in Resources */ = {isa = PBXBuildFile; fileRef = 88E660C5260E4C350018DD17 /* elephant.mp4 */; };
		88E660D0260E4C380018DD17 /* zebra.mp4 in Resources */ = {isa = PBXBuildFile; fileRef = 88E660C6260E4C360018DD17 /* zebra.mp4 */; };
		88E660D1260E4C380018DD17 /* rhino.mp4 in Resources */ = {isa = PBXBuildFile; fileRef = 88E660C7260E4C360018DD17 /* rhino.mp4 */; };
		88E660D2260E4C380018DD17 /* lion.mp4 in Resources */ = {isa = PBXBuildFile; fileRef = 88E660C8260E4C360018DD17 /* lion.mp4 */; };
		88E660D3260E4C380018DD17 /* giraffe.mp4 in Resources */ = {isa = PBXBuildFile; fileRef = 88E660C9260E4C370018DD17 /* giraffe.mp4 */; };
		88E660D4260E4C380018DD17 /* lioness.mp4 in Resources */ = {isa = PBXBuildFile; fileRef = 88E660CA260E4C370018DD17 /* lioness.mp4 */; };
		88E660D5260E4C380018DD17 /* ostrich.mp4 in Resources */ = {isa = PBXBuildFile; fileRef = 88E660CB260E4C380018DD17 /* ostrich.mp4 */; };
		88E660DC260E4C9E0018DD17 /* locations.json in Resources */ = {isa = PBXBuildFile; fileRef = 88E660D8260E4C9D0018DD17 /* locations.json */; };
		88E660DD260E4C9E0018DD17 /* animals.json in Resources */ = {isa = PBXBuildFile; fileRef = 88E660D9260E4C9D0018DD17 /* animals.json */; };
		88E660DE260E4C9E0018DD17 /* videos.json in Resources */ = {isa = PBXBuildFile; fileRef = 88E660DA260E4C9E0018DD17 /* videos.json */; };
		88E660DF260E4C9E0018DD17 /* covers.json in Resources */ = {isa = PBXBuildFile; fileRef = 88E660DB260E4C9E0018DD17 /* covers.json */; };
		88E660E4260E55AC0018DD17 /* VideoListView.swift in Sources */ = {isa = PBXBuildFile; fileRef = 88E660E3260E55AC0018DD17 /* VideoListView.swift */; };
		88E660E7260E55CC0018DD17 /* MapView.swift in Sources */ = {isa = PBXBuildFile; fileRef = 88E660E6260E55CC0018DD17 /* MapView.swift */; };
		88E660EA260E55F70018DD17 /* GalleryView.swift in Sources */ = {isa = PBXBuildFile; fileRef = 88E660E9260E55F70018DD17 /* GalleryView.swift */; };
		88E660ED260E561A0018DD17 /* MainView.swift in Sources */ = {isa = PBXBuildFile; fileRef = 88E660EC260E561A0018DD17 /* MainView.swift */; };
		88E660F1260E5AA20018DD17 /* CoverImageView.swift in Sources */ = {isa = PBXBuildFile; fileRef = 88E660F0260E5AA20018DD17 /* CoverImageView.swift */; };
		88E660F6260E5C6A0018DD17 /* CoverImageModel.swift in Sources */ = {isa = PBXBuildFile; fileRef = 88E660F5260E5C6A0018DD17 /* CoverImageModel.swift */; };
		88E660FB260E5D930018DD17 /* CodableBundleExtension.swift in Sources */ = {isa = PBXBuildFile; fileRef = 88E660FA260E5D930018DD17 /* CodableBundleExtension.swift */; };
		88E660FF260E66550018DD17 /* AnimalListItemView.swift in Sources */ = {isa = PBXBuildFile; fileRef = 88E660FE260E66550018DD17 /* AnimalListItemView.swift */; };
		88E66102260E695F0018DD17 /* AnimalModel.swift in Sources */ = {isa = PBXBuildFile; fileRef = 88E66101260E695F0018DD17 /* AnimalModel.swift */; };
/* End PBXBuildFile section */

/* Begin PBXFileReference section */
		88E660AE260E48D30018DD17 /* Africa.app */ = {isa = PBXFileReference; explicitFileType = wrapper.application; includeInIndex = 0; path = Africa.app; sourceTree = BUILT_PRODUCTS_DIR; };
		88E660B1260E48D30018DD17 /* AfricaApp.swift */ = {isa = PBXFileReference; lastKnownFileType = sourcecode.swift; path = AfricaApp.swift; sourceTree = "<group>"; };
		88E660B3260E48D30018DD17 /* ContentView.swift */ = {isa = PBXFileReference; lastKnownFileType = sourcecode.swift; path = ContentView.swift; sourceTree = "<group>"; };
		88E660B5260E48D50018DD17 /* Assets.xcassets */ = {isa = PBXFileReference; lastKnownFileType = folder.assetcatalog; path = Assets.xcassets; sourceTree = "<group>"; };
		88E660B8260E48D50018DD17 /* Preview Assets.xcassets */ = {isa = PBXFileReference; lastKnownFileType = folder.assetcatalog; path = "Preview Assets.xcassets"; sourceTree = "<group>"; };
		88E660BA260E48D50018DD17 /* Info.plist */ = {isa = PBXFileReference; lastKnownFileType = text.plist.xml; path = Info.plist; sourceTree = "<group>"; };
		88E660C2260E4C340018DD17 /* cheetah.mp4 */ = {isa = PBXFileReference; lastKnownFileType = file; path = cheetah.mp4; sourceTree = "<group>"; };
		88E660C3260E4C340018DD17 /* gorilla.mp4 */ = {isa = PBXFileReference; lastKnownFileType = file; path = gorilla.mp4; sourceTree = "<group>"; };
		88E660C4260E4C350018DD17 /* hippo.mp4 */ = {isa = PBXFileReference; lastKnownFileType = file; path = hippo.mp4; sourceTree = "<group>"; };
		88E660C5260E4C350018DD17 /* elephant.mp4 */ = {isa = PBXFileReference; lastKnownFileType = file; path = elephant.mp4; sourceTree = "<group>"; };
		88E660C6260E4C360018DD17 /* zebra.mp4 */ = {isa = PBXFileReference; lastKnownFileType = file; path = zebra.mp4; sourceTree = "<group>"; };
		88E660C7260E4C360018DD17 /* rhino.mp4 */ = {isa = PBXFileReference; lastKnownFileType = file; path = rhino.mp4; sourceTree = "<group>"; };
		88E660C8260E4C360018DD17 /* lion.mp4 */ = {isa = PBXFileReference; lastKnownFileType = file; path = lion.mp4; sourceTree = "<group>"; };
		88E660C9260E4C370018DD17 /* giraffe.mp4 */ = {isa = PBXFileReference; lastKnownFileType = file; path = giraffe.mp4; sourceTree = "<group>"; };
		88E660CA260E4C370018DD17 /* lioness.mp4 */ = {isa = PBXFileReference; lastKnownFileType = file; path = lioness.mp4; sourceTree = "<group>"; };
		88E660CB260E4C380018DD17 /* ostrich.mp4 */ = {isa = PBXFileReference; lastKnownFileType = file; path = ostrich.mp4; sourceTree = "<group>"; };
		88E660D8260E4C9D0018DD17 /* locations.json */ = {isa = PBXFileReference; fileEncoding = 4; lastKnownFileType = text.json; path = locations.json; sourceTree = "<group>"; };
		88E660D9260E4C9D0018DD17 /* animals.json */ = {isa = PBXFileReference; fileEncoding = 4; lastKnownFileType = text.json; path = animals.json; sourceTree = "<group>"; };
		88E660DA260E4C9E0018DD17 /* videos.json */ = {isa = PBXFileReference; fileEncoding = 4; lastKnownFileType = text.json; path = videos.json; sourceTree = "<group>"; };
		88E660DB260E4C9E0018DD17 /* covers.json */ = {isa = PBXFileReference; fileEncoding = 4; lastKnownFileType = text.json; path = covers.json; sourceTree = "<group>"; };
		88E660E3260E55AC0018DD17 /* VideoListView.swift */ = {isa = PBXFileReference; lastKnownFileType = sourcecode.swift; path = VideoListView.swift; sourceTree = "<group>"; };
		88E660E6260E55CC0018DD17 /* MapView.swift */ = {isa = PBXFileReference; lastKnownFileType = sourcecode.swift; path = MapView.swift; sourceTree = "<group>"; };
		88E660E9260E55F70018DD17 /* GalleryView.swift */ = {isa = PBXFileReference; lastKnownFileType = sourcecode.swift; path = GalleryView.swift; sourceTree = "<group>"; };
		88E660EC260E561A0018DD17 /* MainView.swift */ = {isa = PBXFileReference; lastKnownFileType = sourcecode.swift; path = MainView.swift; sourceTree = "<group>"; };
		88E660F0260E5AA20018DD17 /* CoverImageView.swift */ = {isa = PBXFileReference; lastKnownFileType = sourcecode.swift; path = CoverImageView.swift; sourceTree = "<group>"; };
		88E660F5260E5C6A0018DD17 /* CoverImageModel.swift */ = {isa = PBXFileReference; lastKnownFileType = sourcecode.swift; path = CoverImageModel.swift; sourceTree = "<group>"; };
		88E660FA260E5D930018DD17 /* CodableBundleExtension.swift */ = {isa = PBXFileReference; lastKnownFileType = sourcecode.swift; path = CodableBundleExtension.swift; sourceTree = "<group>"; };
		88E660FE260E66550018DD17 /* AnimalListItemView.swift */ = {isa = PBXFileReference; lastKnownFileType = sourcecode.swift; path = AnimalListItemView.swift; sourceTree = "<group>"; };
		88E66101260E695F0018DD17 /* AnimalModel.swift */ = {isa = PBXFileReference; lastKnownFileType = sourcecode.swift; path = AnimalModel.swift; sourceTree = "<group>"; };
/* End PBXFileReference section */

/* Begin PBXFrameworksBuildPhase section */
		88E660AB260E48D30018DD17 /* Frameworks */ = {
			isa = PBXFrameworksBuildPhase;
			buildActionMask = 2147483647;
			files = (
			);
			runOnlyForDeploymentPostprocessing = 0;
		};
/* End PBXFrameworksBuildPhase section */

/* Begin PBXGroup section */
		88E660A5260E48D30018DD17 = {
			isa = PBXGroup;
			children = (
				88E660B0260E48D30018DD17 /* Africa */,
				88E660AF260E48D30018DD17 /* Products */,
			);
			sourceTree = "<group>";
		};
		88E660AF260E48D30018DD17 /* Products */ = {
			isa = PBXGroup;
			children = (
				88E660AE260E48D30018DD17 /* Africa.app */,
			);
			name = Products;
			sourceTree = "<group>";
		};
		88E660B0260E48D30018DD17 /* Africa */ = {
			isa = PBXGroup;
			children = (
				88E660E1260E55570018DD17 /* App */,
				88E660EF260E5A8B0018DD17 /* View */,
				88E660F9260E5D710018DD17 /* Extension */,
				88E660F4260E5C430018DD17 /* Model */,
				88E660D7260E4C790018DD17 /* Data */,
				88E660C1260E4B6C0018DD17 /* Video */,
				88E660B5260E48D50018DD17 /* Assets.xcassets */,
				88E660BA260E48D50018DD17 /* Info.plist */,
				88E660B7260E48D50018DD17 /* Preview Content */,
			);
			path = Africa;
			sourceTree = "<group>";
		};
		88E660B7260E48D50018DD17 /* Preview Content */ = {
			isa = PBXGroup;
			children = (
				88E660B8260E48D50018DD17 /* Preview Assets.xcassets */,
			);
			path = "Preview Content";
			sourceTree = "<group>";
		};
		88E660C1260E4B6C0018DD17 /* Video */ = {
			isa = PBXGroup;
			children = (
				88E660C2260E4C340018DD17 /* cheetah.mp4 */,
				88E660C5260E4C350018DD17 /* elephant.mp4 */,
				88E660C9260E4C370018DD17 /* giraffe.mp4 */,
				88E660C3260E4C340018DD17 /* gorilla.mp4 */,
				88E660C4260E4C350018DD17 /* hippo.mp4 */,
				88E660C8260E4C360018DD17 /* lion.mp4 */,
				88E660CA260E4C370018DD17 /* lioness.mp4 */,
				88E660CB260E4C380018DD17 /* ostrich.mp4 */,
				88E660C7260E4C360018DD17 /* rhino.mp4 */,
				88E660C6260E4C360018DD17 /* zebra.mp4 */,
			);
			path = Video;
			sourceTree = "<group>";
		};
		88E660D7260E4C790018DD17 /* Data */ = {
			isa = PBXGroup;
			children = (
				88E660D9260E4C9D0018DD17 /* animals.json */,
				88E660DB260E4C9E0018DD17 /* covers.json */,
				88E660D8260E4C9D0018DD17 /* locations.json */,
				88E660DA260E4C9E0018DD17 /* videos.json */,
			);
			path = Data;
			sourceTree = "<group>";
		};
		88E660E1260E55570018DD17 /* App */ = {
			isa = PBXGroup;
			children = (
				88E660B1260E48D30018DD17 /* AfricaApp.swift */,
				88E660B3260E48D30018DD17 /* ContentView.swift */,
				88E660E3260E55AC0018DD17 /* VideoListView.swift */,
				88E660E6260E55CC0018DD17 /* MapView.swift */,
				88E660E9260E55F70018DD17 /* GalleryView.swift */,
				88E660EC260E561A0018DD17 /* MainView.swift */,
			);
			path = App;
			sourceTree = "<group>";
		};
		88E660EF260E5A8B0018DD17 /* View */ = {
			isa = PBXGroup;
			children = (
				88E660F0260E5AA20018DD17 /* CoverImageView.swift */,
				88E660FE260E66550018DD17 /* AnimalListItemView.swift */,
			);
			path = View;
			sourceTree = "<group>";
		};
		88E660F4260E5C430018DD17 /* Model */ = {
			isa = PBXGroup;
			children = (
				88E660F5260E5C6A0018DD17 /* CoverImageModel.swift */,
				88E66101260E695F0018DD17 /* AnimalModel.swift */,
			);
			path = Model;
			sourceTree = "<group>";
		};
		88E660F9260E5D710018DD17 /* Extension */ = {
			isa = PBXGroup;
			children = (
				88E660FA260E5D930018DD17 /* CodableBundleExtension.swift */,
			);
			path = Extension;
			sourceTree = "<group>";
		};
/* End PBXGroup section */

/* Begin PBXNativeTarget section */
		88E660AD260E48D30018DD17 /* Africa */ = {
			isa = PBXNativeTarget;
			buildConfigurationList = 88E660BD260E48D50018DD17 /* Build configuration list for PBXNativeTarget "Africa" */;
			buildPhases = (
				88E660AA260E48D30018DD17 /* Sources */,
				88E660AB260E48D30018DD17 /* Frameworks */,
				88E660AC260E48D30018DD17 /* Resources */,
			);
			buildRules = (
			);
			dependencies = (
			);
			name = Africa;
			productName = Africa;
			productReference = 88E660AE260E48D30018DD17 /* Africa.app */;
			productType = "com.apple.product-type.application";
		};
/* End PBXNativeTarget section */

/* Begin PBXProject section */
		88E660A6260E48D30018DD17 /* Project object */ = {
			isa = PBXProject;
			attributes = {
				LastSwiftUpdateCheck = 1240;
				LastUpgradeCheck = 1240;
				TargetAttributes = {
					88E660AD260E48D30018DD17 = {
						CreatedOnToolsVersion = 12.4;
					};
				};
			};
			buildConfigurationList = 88E660A9260E48D30018DD17 /* Build configuration list for PBXProject "Africa" */;
			compatibilityVersion = "Xcode 9.3";
			developmentRegion = en;
			hasScannedForEncodings = 0;
			knownRegions = (
				en,
				Base,
			);
			mainGroup = 88E660A5260E48D30018DD17;
			productRefGroup = 88E660AF260E48D30018DD17 /* Products */;
			projectDirPath = "";
			projectRoot = "";
			targets = (
				88E660AD260E48D30018DD17 /* Africa */,
			);
		};
/* End PBXProject section */

/* Begin PBXResourcesBuildPhase section */
		88E660AC260E48D30018DD17 /* Resources */ = {
			isa = PBXResourcesBuildPhase;
			buildActionMask = 2147483647;
			files = (
				88E660DC260E4C9E0018DD17 /* locations.json in Resources */,
				88E660D1260E4C380018DD17 /* rhino.mp4 in Resources */,
				88E660DE260E4C9E0018DD17 /* videos.json in Resources */,
				88E660D4260E4C380018DD17 /* lioness.mp4 in Resources */,
				88E660CE260E4C380018DD17 /* hippo.mp4 in Resources */,
				88E660DF260E4C9E0018DD17 /* covers.json in Resources */,
				88E660CD260E4C380018DD17 /* gorilla.mp4 in Resources */,
				88E660CF260E4C380018DD17 /* elephant.mp4 in Resources */,
				88E660D3260E4C380018DD17 /* giraffe.mp4 in Resources */,
				88E660DD260E4C9E0018DD17 /* animals.json in Resources */,
				88E660D5260E4C380018DD17 /* ostrich.mp4 in Resources */,
				88E660B9260E48D50018DD17 /* Preview Assets.xcassets in Resources */,
				88E660B6260E48D50018DD17 /* Assets.xcassets in Resources */,
				88E660D0260E4C380018DD17 /* zebra.mp4 in Resources */,
				88E660D2260E4C380018DD17 /* lion.mp4 in Resources */,
				88E660CC260E4C380018DD17 /* cheetah.mp4 in Resources */,
			);
			runOnlyForDeploymentPostprocessing = 0;
		};
/* End PBXResourcesBuildPhase section */

/* Begin PBXSourcesBuildPhase section */
		88E660AA260E48D30018DD17 /* Sources */ = {
			isa = PBXSourcesBuildPhase;
			buildActionMask = 2147483647;
			files = (
				88E660B4260E48D30018DD17 /* ContentView.swift in Sources */,
				88E660FF260E66550018DD17 /* AnimalListItemView.swift in Sources */,
				88E660ED260E561A0018DD17 /* MainView.swift in Sources */,
				88E660F1260E5AA20018DD17 /* CoverImageView.swift in Sources */,
				88E660F6260E5C6A0018DD17 /* CoverImageModel.swift in Sources */,
				88E66102260E695F0018DD17 /* AnimalModel.swift in Sources */,
				88E660E7260E55CC0018DD17 /* MapView.swift in Sources */,
				88E660B2260E48D30018DD17 /* AfricaApp.swift in Sources */,
				88E660E4260E55AC0018DD17 /* VideoListView.swift in Sources */,
				88E660EA260E55F70018DD17 /* GalleryView.swift in Sources */,
				88E660FB260E5D930018DD17 /* CodableBundleExtension.swift in Sources */,
			);
			runOnlyForDeploymentPostprocessing = 0;
		};
/* End PBXSourcesBuildPhase section */

/* Begin XCBuildConfiguration section */
		88E660BB260E48D50018DD17 /* Debug */ = {
			isa = XCBuildConfiguration;
			buildSettings = {
				ALWAYS_SEARCH_USER_PATHS = NO;
				CLANG_ANALYZER_NONNULL = YES;
				CLANG_ANALYZER_NUMBER_OBJECT_CONVERSION = YES_AGGRESSIVE;
				CLANG_CXX_LANGUAGE_STANDARD = "gnu++14";
				CLANG_CXX_LIBRARY = "libc++";
				CLANG_ENABLE_MODULES = YES;
				CLANG_ENABLE_OBJC_ARC = YES;
				CLANG_ENABLE_OBJC_WEAK = YES;
				CLANG_WARN_BLOCK_CAPTURE_AUTORELEASING = YES;
				CLANG_WARN_BOOL_CONVERSION = YES;
				CLANG_WARN_COMMA = YES;
				CLANG_WARN_CONSTANT_CONVERSION = YES;
				CLANG_WARN_DEPRECATED_OBJC_IMPLEMENTATIONS = YES;
				CLANG_WARN_DIRECT_OBJC_ISA_USAGE = YES_ERROR;
				CLANG_WARN_DOCUMENTATION_COMMENTS = YES;
				CLANG_WARN_EMPTY_BODY = YES;
				CLANG_WARN_ENUM_CONVERSION = YES;
				CLANG_WARN_INFINITE_RECURSION = YES;
				CLANG_WARN_INT_CONVERSION = YES;
				CLANG_WARN_NON_LITERAL_NULL_CONVERSION = YES;
				CLANG_WARN_OBJC_IMPLICIT_RETAIN_SELF = YES;
				CLANG_WARN_OBJC_LITERAL_CONVERSION = YES;
				CLANG_WARN_OBJC_ROOT_CLASS = YES_ERROR;
				CLANG_WARN_QUOTED_INCLUDE_IN_FRAMEWORK_HEADER = YES;
				CLANG_WARN_RANGE_LOOP_ANALYSIS = YES;
				CLANG_WARN_STRICT_PROTOTYPES = YES;
				CLANG_WARN_SUSPICIOUS_MOVE = YES;
				CLANG_WARN_UNGUARDED_AVAILABILITY = YES_AGGRESSIVE;
				CLANG_WARN_UNREACHABLE_CODE = YES;
				CLANG_WARN__DUPLICATE_METHOD_MATCH = YES;
				COPY_PHASE_STRIP = NO;
				DEBUG_INFORMATION_FORMAT = dwarf;
				ENABLE_STRICT_OBJC_MSGSEND = YES;
				ENABLE_TESTABILITY = YES;
				GCC_C_LANGUAGE_STANDARD = gnu11;
				GCC_DYNAMIC_NO_PIC = NO;
				GCC_NO_COMMON_BLOCKS = YES;
				GCC_OPTIMIZATION_LEVEL = 0;
				GCC_PREPROCESSOR_DEFINITIONS = (
					"DEBUG=1",
					"$(inherited)",
				);
				GCC_WARN_64_TO_32_BIT_CONVERSION = YES;
				GCC_WARN_ABOUT_RETURN_TYPE = YES_ERROR;
				GCC_WARN_UNDECLARED_SELECTOR = YES;
				GCC_WARN_UNINITIALIZED_AUTOS = YES_AGGRESSIVE;
				GCC_WARN_UNUSED_FUNCTION = YES;
				GCC_WARN_UNUSED_VARIABLE = YES;
				IPHONEOS_DEPLOYMENT_TARGET = 14.4;
				MTL_ENABLE_DEBUG_INFO = INCLUDE_SOURCE;
				MTL_FAST_MATH = YES;
				ONLY_ACTIVE_ARCH = YES;
				SDKROOT = iphoneos;
				SWIFT_ACTIVE_COMPILATION_CONDITIONS = DEBUG;
				SWIFT_OPTIMIZATION_LEVEL = "-Onone";
			};
			name = Debug;
		};
		88E660BC260E48D50018DD17 /* Release */ = {
			isa = XCBuildConfiguration;
			buildSettings = {
				ALWAYS_SEARCH_USER_PATHS = NO;
				CLANG_ANALYZER_NONNULL = YES;
				CLANG_ANALYZER_NUMBER_OBJECT_CONVERSION = YES_AGGRESSIVE;
				CLANG_CXX_LANGUAGE_STANDARD = "gnu++14";
				CLANG_CXX_LIBRARY = "libc++";
				CLANG_ENABLE_MODULES = YES;
				CLANG_ENABLE_OBJC_ARC = YES;
				CLANG_ENABLE_OBJC_WEAK = YES;
				CLANG_WARN_BLOCK_CAPTURE_AUTORELEASING = YES;
				CLANG_WARN_BOOL_CONVERSION = YES;
				CLANG_WARN_COMMA = YES;
				CLANG_WARN_CONSTANT_CONVERSION = YES;
				CLANG_WARN_DEPRECATED_OBJC_IMPLEMENTATIONS = YES;
				CLANG_WARN_DIRECT_OBJC_ISA_USAGE = YES_ERROR;
				CLANG_WARN_DOCUMENTATION_COMMENTS = YES;
				CLANG_WARN_EMPTY_BODY = YES;
				CLANG_WARN_ENUM_CONVERSION = YES;
				CLANG_WARN_INFINITE_RECURSION = YES;
				CLANG_WARN_INT_CONVERSION = YES;
				CLANG_WARN_NON_LITERAL_NULL_CONVERSION = YES;
				CLANG_WARN_OBJC_IMPLICIT_RETAIN_SELF = YES;
				CLANG_WARN_OBJC_LITERAL_CONVERSION = YES;
				CLANG_WARN_OBJC_ROOT_CLASS = YES_ERROR;
				CLANG_WARN_QUOTED_INCLUDE_IN_FRAMEWORK_HEADER = YES;
				CLANG_WARN_RANGE_LOOP_ANALYSIS = YES;
				CLANG_WARN_STRICT_PROTOTYPES = YES;
				CLANG_WARN_SUSPICIOUS_MOVE = YES;
				CLANG_WARN_UNGUARDED_AVAILABILITY = YES_AGGRESSIVE;
				CLANG_WARN_UNREACHABLE_CODE = YES;
				CLANG_WARN__DUPLICATE_METHOD_MATCH = YES;
				COPY_PHASE_STRIP = NO;
				DEBUG_INFORMATION_FORMAT = "dwarf-with-dsym";
				ENABLE_NS_ASSERTIONS = NO;
				ENABLE_STRICT_OBJC_MSGSEND = YES;
				GCC_C_LANGUAGE_STANDARD = gnu11;
				GCC_NO_COMMON_BLOCKS = YES;
				GCC_WARN_64_TO_32_BIT_CONVERSION = YES;
				GCC_WARN_ABOUT_RETURN_TYPE = YES_ERROR;
				GCC_WARN_UNDECLARED_SELECTOR = YES;
				GCC_WARN_UNINITIALIZED_AUTOS = YES_AGGRESSIVE;
				GCC_WARN_UNUSED_FUNCTION = YES;
				GCC_WARN_UNUSED_VARIABLE = YES;
				IPHONEOS_DEPLOYMENT_TARGET = 14.4;
				MTL_ENABLE_DEBUG_INFO = NO;
				MTL_FAST_MATH = YES;
				SDKROOT = iphoneos;
				SWIFT_COMPILATION_MODE = wholemodule;
				SWIFT_OPTIMIZATION_LEVEL = "-O";
				VALIDATE_PRODUCT = YES;
			};
			name = Release;
		};
		88E660BE260E48D50018DD17 /* Debug */ = {
			isa = XCBuildConfiguration;
			buildSettings = {
				ASSETCATALOG_COMPILER_APPICON_NAME = AppIcon;
				ASSETCATALOG_COMPILER_GLOBAL_ACCENT_COLOR_NAME = AccentColor;
				CODE_SIGN_STYLE = Automatic;
				DEVELOPMENT_ASSET_PATHS = "\"Africa/Preview Content\"";
				DEVELOPMENT_TEAM = 238CXC7DZ6;
				ENABLE_PREVIEWS = YES;
				INFOPLIST_FILE = Africa/Info.plist;
				IPHONEOS_DEPLOYMENT_TARGET = 14.0;
				LD_RUNPATH_SEARCH_PATHS = (
					"$(inherited)",
					"@executable_path/Frameworks",
				);
				PRODUCT_BUNDLE_IDENTIFIER = com.yusufcaglar.Africa;
				PRODUCT_NAME = "$(TARGET_NAME)";
				SWIFT_VERSION = 5.0;
				TARGETED_DEVICE_FAMILY = "1,2";
			};
			name = Debug;
		};
		88E660BF260E48D50018DD17 /* Release */ = {
			isa = XCBuildConfiguration;
			buildSettings = {
				ASSETCATALOG_COMPILER_APPICON_NAME = AppIcon;
				ASSETCATALOG_COMPILER_GLOBAL_ACCENT_COLOR_NAME = AccentColor;
				CODE_SIGN_STYLE = Automatic;
				DEVELOPMENT_ASSET_PATHS = "\"Africa/Preview Content\"";
				DEVELOPMENT_TEAM = 238CXC7DZ6;
				ENABLE_PREVIEWS = YES;
				INFOPLIST_FILE = Africa/Info.plist;
				IPHONEOS_DEPLOYMENT_TARGET = 14.0;
				LD_RUNPATH_SEARCH_PATHS = (
					"$(inherited)",
					"@executable_path/Frameworks",
				);
				PRODUCT_BUNDLE_IDENTIFIER = com.yusufcaglar.Africa;
				PRODUCT_NAME = "$(TARGET_NAME)";
				SWIFT_VERSION = 5.0;
				TARGETED_DEVICE_FAMILY = "1,2";
			};
			name = Release;
		};
/* End XCBuildConfiguration section */

/* Begin XCConfigurationList section */
		88E660A9260E48D30018DD17 /* Build configuration list for PBXProject "Africa" */ = {
			isa = XCConfigurationList;
			buildConfigurations = (
				88E660BB260E48D50018DD17 /* Debug */,
				88E660BC260E48D50018DD17 /* Release */,
			);
			defaultConfigurationIsVisible = 0;
			defaultConfigurationName = Release;
		};
		88E660BD260E48D50018DD17 /* Build configuration list for PBXNativeTarget "Africa" */ = {
			isa = XCConfigurationList;
			buildConfigurations = (
				88E660BE260E48D50018DD17 /* Debug */,
				88E660BF260E48D50018DD17 /* Release */,
			);
			defaultConfigurationIsVisible = 0;
			defaultConfigurationName = Release;
		};
/* End XCConfigurationList section */
	};
	rootObject = 88E660A6260E48D30018DD17 /* Project object */;
}
